
Microsoft Visual Studio Solution File, Format Version 12.00
# Visual Studio 15
VisualStudioVersion = 15.0.27703.2000
MinimumVisualStudioVersion = 10.0.40219.1
Project("{FAE04EC0-301F-11D3-BF4B-00C04F79EFBC}") = "Case.Transactions.Api", "Case.Transactions.Api\Case.Transactions.Api.csproj", "{16AAC74C-6437-4642-B900-28F0D5EC6BDB}"
EndProject
Global
	GlobalSection(SolutionConfigurationPlatforms) = preSolution
		Debug|Any CPU = Debug|Any CPU
		Release|Any CPU = Release|Any CPU
	EndGlobalSection
	GlobalSection(ProjectConfigurationPlatforms) = postSolution
		{16AAC74C-6437-4642-B900-28F0D5EC6BDB}.Debug|Any CPU.ActiveCfg = Debug|Any CPU
		{16AAC74C-6437-4642-B900-28F0D5EC6BDB}.Debug|Any CPU.Build.0 = Debug|Any CPU
		{16AAC74C-6437-4642-B900-28F0D5EC6BDB}.Release|Any CPU.ActiveCfg = Release|Any CPU
		{16AAC74C-6437-4642-B900-28F0D5EC6BDB}.Release|Any CPU.Build.0 = Release|Any CPU
	EndGlobalSection
	GlobalSection(SolutionProperties) = preSolution
		HideSolutionNode = FALSE
	EndGlobalSection
	GlobalSection(ExtensibilityGlobals) = postSolution
		SolutionGuid = {8609A29D-B852-4B82-9278-2D19FEB0D18F}
	EndGlobalSection
EndGlobal
