
Microsoft Visual Studio Solution File, Format Version 12.00
# Visual Studio 15
VisualStudioVersion = 15.0.27703.2000
MinimumVisualStudioVersion = 10.0.40219.1
Project("{2150E333-8FDC-42A3-9474-1A3956D46DE8}") = "src", "src", "{CD7B8C29-4DF6-4EFE-9B95-FBB2DCCCF322}"
EndProject
Project("{2150E333-8FDC-42A3-9474-1A3956D46DE8}") = "test", "test", "{D3FB2B6B-77F5-4C18-B1C7-141C21F3E0B7}"
EndProject
Project("{2150E333-8FDC-42A3-9474-1A3956D46DE8}") = "database", "database", "{293BFCCD-3996-482B-A4A4-AB305C87A450}"
	ProjectSection(SolutionItems) = preProject
		database\script-database.sql = database\script-database.sql
	EndProjectSection
EndProject
Project("{9A19103F-16F7-4668-BE54-9A1E7A4F7556}") = "Case.Transactions.Api", "src\Case.Transactions.Api\Case.Transactions.Api.csproj", "{5B8C81BD-FDE5-4EA5-B1E0-667C6027BED9}"
EndProject
Project("{9A19103F-16F7-4668-BE54-9A1E7A4F7556}") = "Case.Transactions.Domain", "src\Case.Transactions.Domain\Case.Transactions.Domain.csproj", "{5A66F04F-7C58-4CB5-9E68-F4EE652437A2}"
EndProject
Project("{9A19103F-16F7-4668-BE54-9A1E7A4F7556}") = "Case.Transactions.Infra", "src\Case.Transactions.Infra\Case.Transactions.Infra.csproj", "{A236F9BC-7141-4BF8-9B4F-94A6D18D245A}"
EndProject
Project("{9A19103F-16F7-4668-BE54-9A1E7A4F7556}") = "Case.Transactions.Tests", "test\Case.Transactions.Tests\Case.Transactions.Tests.csproj", "{400CEF47-79D7-4479-886A-477E01783DA3}"
EndProject
Global
	GlobalSection(SolutionConfigurationPlatforms) = preSolution
		Debug|Any CPU = Debug|Any CPU
		Release|Any CPU = Release|Any CPU
	EndGlobalSection
	GlobalSection(ProjectConfigurationPlatforms) = postSolution
		{5B8C81BD-FDE5-4EA5-B1E0-667C6027BED9}.Debug|Any CPU.ActiveCfg = Debug|Any CPU
		{5B8C81BD-FDE5-4EA5-B1E0-667C6027BED9}.Debug|Any CPU.Build.0 = Debug|Any CPU
		{5B8C81BD-FDE5-4EA5-B1E0-667C6027BED9}.Release|Any CPU.ActiveCfg = Release|Any CPU
		{5B8C81BD-FDE5-4EA5-B1E0-667C6027BED9}.Release|Any CPU.Build.0 = Release|Any CPU
		{5A66F04F-7C58-4CB5-9E68-F4EE652437A2}.Debug|Any CPU.ActiveCfg = Debug|Any CPU
		{5A66F04F-7C58-4CB5-9E68-F4EE652437A2}.Debug|Any CPU.Build.0 = Debug|Any CPU
		{5A66F04F-7C58-4CB5-9E68-F4EE652437A2}.Release|Any CPU.ActiveCfg = Release|Any CPU
		{5A66F04F-7C58-4CB5-9E68-F4EE652437A2}.Release|Any CPU.Build.0 = Release|Any CPU
		{A236F9BC-7141-4BF8-9B4F-94A6D18D245A}.Debug|Any CPU.ActiveCfg = Debug|Any CPU
		{A236F9BC-7141-4BF8-9B4F-94A6D18D245A}.Debug|Any CPU.Build.0 = Debug|Any CPU
		{A236F9BC-7141-4BF8-9B4F-94A6D18D245A}.Release|Any CPU.ActiveCfg = Release|Any CPU
		{A236F9BC-7141-4BF8-9B4F-94A6D18D245A}.Release|Any CPU.Build.0 = Release|Any CPU
		{400CEF47-79D7-4479-886A-477E01783DA3}.Debug|Any CPU.ActiveCfg = Debug|Any CPU
		{400CEF47-79D7-4479-886A-477E01783DA3}.Debug|Any CPU.Build.0 = Debug|Any CPU
		{400CEF47-79D7-4479-886A-477E01783DA3}.Release|Any CPU.ActiveCfg = Release|Any CPU
		{400CEF47-79D7-4479-886A-477E01783DA3}.Release|Any CPU.Build.0 = Release|Any CPU
	EndGlobalSection
	GlobalSection(SolutionProperties) = preSolution
		HideSolutionNode = FALSE
	EndGlobalSection
	GlobalSection(NestedProjects) = preSolution
		{5B8C81BD-FDE5-4EA5-B1E0-667C6027BED9} = {CD7B8C29-4DF6-4EFE-9B95-FBB2DCCCF322}
		{5A66F04F-7C58-4CB5-9E68-F4EE652437A2} = {CD7B8C29-4DF6-4EFE-9B95-FBB2DCCCF322}
		{A236F9BC-7141-4BF8-9B4F-94A6D18D245A} = {CD7B8C29-4DF6-4EFE-9B95-FBB2DCCCF322}
		{400CEF47-79D7-4479-886A-477E01783DA3} = {D3FB2B6B-77F5-4C18-B1C7-141C21F3E0B7}
	EndGlobalSection
	GlobalSection(ExtensibilityGlobals) = postSolution
		SolutionGuid = {8609A29D-B852-4B82-9278-2D19FEB0D18F}
	EndGlobalSection
EndGlobal
